
Microsoft Visual Studio Solution File, Format Version 12.00
# Visual Studio Version 17
VisualStudioVersion = 17.11.35222.181
MinimumVisualStudioVersion = 10.0.40219.1
Project("{8BC9CEB8-8B4A-11D0-8D11-00A0C91BC942}") = "Practical Work 2.C", "Practical Work 2.C\Practical Work 2.C.vcxproj", "{9AF346CB-BCF0-4575-8EC2-3E337032D656}"
EndProject
Global
	GlobalSection(SolutionConfigurationPlatforms) = preSolution
		Debug|x64 = Debug|x64
		Debug|x86 = Debug|x86
		Release|x64 = Release|x64
		Release|x86 = Release|x86
	EndGlobalSection
	GlobalSection(ProjectConfigurationPlatforms) = postSolution
		{9AF346CB-BCF0-4575-8EC2-3E337032D656}.Debug|x64.ActiveCfg = Debug|x64
		{9AF346CB-BCF0-4575-8EC2-3E337032D656}.Debug|x64.Build.0 = Debug|x64
		{9AF346CB-BCF0-4575-8EC2-3E337032D656}.Debug|x86.ActiveCfg = Debug|Win32
		{9AF346CB-BCF0-4575-8EC2-3E337032D656}.Debug|x86.Build.0 = Debug|Win32
		{9AF346CB-BCF0-4575-8EC2-3E337032D656}.Release|x64.ActiveCfg = Release|x64
		{9AF346CB-BCF0-4575-8EC2-3E337032D656}.Release|x64.Build.0 = Release|x64
		{9AF346CB-BCF0-4575-8EC2-3E337032D656}.Release|x86.ActiveCfg = Release|Win32
		{9AF346CB-BCF0-4575-8EC2-3E337032D656}.Release|x86.Build.0 = Release|Win32
	EndGlobalSection
	GlobalSection(SolutionProperties) = preSolution
		HideSolutionNode = FALSE
	EndGlobalSection
	GlobalSection(ExtensibilityGlobals) = postSolution
		SolutionGuid = {025A8DDC-D10A-421A-BFBF-357886E3F3DB}
	EndGlobalSection
EndGlobal
